
Microsoft Visual Studio Solution File, Format Version 12.00
# Visual Studio Version 16
VisualStudioVersion = 16.0.30413.136
MinimumVisualStudioVersion = 10.0.40219.1
Project("{8BC9CEB8-8B4A-11D0-8D11-00A0C91BC942}") = "tt", "tt\tt.vcxproj", "{959F254F-BDDC-4704-AC76-FA175B52C27A}"
EndProject
Global
	GlobalSection(SolutionConfigurationPlatforms) = preSolution
		Debug|x64 = Debug|x64
		Debug|x86 = Debug|x86
		Release|x64 = Release|x64
		Release|x86 = Release|x86
	EndGlobalSection
	GlobalSection(ProjectConfigurationPlatforms) = postSolution
		{959F254F-BDDC-4704-AC76-FA175B52C27A}.Debug|x64.ActiveCfg = Debug|x64
		{959F254F-BDDC-4704-AC76-FA175B52C27A}.Debug|x64.Build.0 = Debug|x64
		{959F254F-BDDC-4704-AC76-FA175B52C27A}.Debug|x86.ActiveCfg = Debug|Win32
		{959F254F-BDDC-4704-AC76-FA175B52C27A}.Debug|x86.Build.0 = Debug|Win32
		{959F254F-BDDC-4704-AC76-FA175B52C27A}.Release|x64.ActiveCfg = Release|x64
		{959F254F-BDDC-4704-AC76-FA175B52C27A}.Release|x64.Build.0 = Release|x64
		{959F254F-BDDC-4704-AC76-FA175B52C27A}.Release|x86.ActiveCfg = Release|Win32
		{959F254F-BDDC-4704-AC76-FA175B52C27A}.Release|x86.Build.0 = Release|Win32
	EndGlobalSection
	GlobalSection(SolutionProperties) = preSolution
		HideSolutionNode = FALSE
	EndGlobalSection
	GlobalSection(ExtensibilityGlobals) = postSolution
		SolutionGuid = {80BA7F63-C112-4E6A-BD19-18F4C78B1837}
	EndGlobalSection
EndGlobal
